
Microsoft Visual Studio Solution File, Format Version 12.00
# Visual Studio Version 16
VisualStudioVersion = 16.0.32630.194
MinimumVisualStudioVersion = 10.0.40219.1
Project("{FAE04EC0-301F-11D3-BF4B-00C04F79EFBC}") = "TextFinder", "TextFinder\TextFinder.csproj", "{236FC171-FB4F-427D-A78D-4D797B22BB5C}"
EndProject
Global
	GlobalSection(SolutionConfigurationPlatforms) = preSolution
		Debug|Any CPU = Debug|Any CPU
		Release|Any CPU = Release|Any CPU
	EndGlobalSection
	GlobalSection(ProjectConfigurationPlatforms) = postSolution
		{236FC171-FB4F-427D-A78D-4D797B22BB5C}.Debug|Any CPU.ActiveCfg = Debug|Any CPU
		{236FC171-FB4F-427D-A78D-4D797B22BB5C}.Debug|Any CPU.Build.0 = Debug|Any CPU
		{236FC171-FB4F-427D-A78D-4D797B22BB5C}.Release|Any CPU.ActiveCfg = Release|Any CPU
		{236FC171-FB4F-427D-A78D-4D797B22BB5C}.Release|Any CPU.Build.0 = Release|Any CPU
	EndGlobalSection
	GlobalSection(SolutionProperties) = preSolution
		HideSolutionNode = FALSE
	EndGlobalSection
	GlobalSection(ExtensibilityGlobals) = postSolution
		SolutionGuid = {30694CD3-E295-4948-BAD8-3F9BAC77E4C8}
	EndGlobalSection
EndGlobal
